
Microsoft Visual Studio Solution File, Format Version 12.00
# Visual Studio Version 16
VisualStudioVersion = 16.0.30011.22
MinimumVisualStudioVersion = 10.0.40219.1
Project("{FAE04EC0-301F-11D3-BF4B-00C04F79EFBC}") = "Biblioteca", "Biblioteca\Biblioteca.csproj", "{35621BB0-9CF8-4AC0-AC9D-98906E8A15BD}"
EndProject
Global
	GlobalSection(SolutionConfigurationPlatforms) = preSolution
		Debug|Any CPU = Debug|Any CPU
		Release|Any CPU = Release|Any CPU
	EndGlobalSection
	GlobalSection(ProjectConfigurationPlatforms) = postSolution
		{35621BB0-9CF8-4AC0-AC9D-98906E8A15BD}.Debug|Any CPU.ActiveCfg = Debug|Any CPU
		{35621BB0-9CF8-4AC0-AC9D-98906E8A15BD}.Debug|Any CPU.Build.0 = Debug|Any CPU
		{35621BB0-9CF8-4AC0-AC9D-98906E8A15BD}.Release|Any CPU.ActiveCfg = Release|Any CPU
		{35621BB0-9CF8-4AC0-AC9D-98906E8A15BD}.Release|Any CPU.Build.0 = Release|Any CPU
	EndGlobalSection
	GlobalSection(SolutionProperties) = preSolution
		HideSolutionNode = FALSE
	EndGlobalSection
	GlobalSection(ExtensibilityGlobals) = postSolution
		SolutionGuid = {C51D00A4-6F54-45D9-B5D3-050AC7036E86}
	EndGlobalSection
EndGlobal
